
Microsoft Visual Studio Solution File, Format Version 12.00
# Visual Studio Version 17
VisualStudioVersion = 17.5.002.0
MinimumVisualStudioVersion = 10.0.40219.1
Project("{9A19103F-16F7-4668-BE54-9A1E7A4F7556}") = "ToDoAPI", "ToDoAPI\ToDoAPI.csproj", "{90ADE09E-480D-4293-B6F5-1FA475F59778}"
EndProject
Global
	GlobalSection(SolutionConfigurationPlatforms) = preSolution
		Debug|Any CPU = Debug|Any CPU
		Release|Any CPU = Release|Any CPU
	EndGlobalSection
	GlobalSection(ProjectConfigurationPlatforms) = postSolution
		{90ADE09E-480D-4293-B6F5-1FA475F59778}.Debug|Any CPU.ActiveCfg = Debug|Any CPU
		{90ADE09E-480D-4293-B6F5-1FA475F59778}.Debug|Any CPU.Build.0 = Debug|Any CPU
		{90ADE09E-480D-4293-B6F5-1FA475F59778}.Release|Any CPU.ActiveCfg = Release|Any CPU
		{90ADE09E-480D-4293-B6F5-1FA475F59778}.Release|Any CPU.Build.0 = Release|Any CPU
	EndGlobalSection
	GlobalSection(SolutionProperties) = preSolution
		HideSolutionNode = FALSE
	EndGlobalSection
	GlobalSection(ExtensibilityGlobals) = postSolution
		SolutionGuid = {539E4334-380F-444F-9113-61D72F5E7D95}
	EndGlobalSection
EndGlobal
